
Microsoft Visual Studio Solution File, Format Version 12.00
# Visual Studio Version 17
VisualStudioVersion = 17.8.34525.116
MinimumVisualStudioVersion = 10.0.40219.1
Project("{FAE04EC0-301F-11D3-BF4B-00C04F79EFBC}") = "Application", "Application\Application.csproj", "{1966DED8-AA32-4100-A163-DF812C2C93BA}"
EndProject
Global
	GlobalSection(SolutionConfigurationPlatforms) = preSolution
		Debug|Any CPU = Debug|Any CPU
		Release|Any CPU = Release|Any CPU
	EndGlobalSection
	GlobalSection(ProjectConfigurationPlatforms) = postSolution
		{1966DED8-AA32-4100-A163-DF812C2C93BA}.Debug|Any CPU.ActiveCfg = Debug|Any CPU
		{1966DED8-AA32-4100-A163-DF812C2C93BA}.Debug|Any CPU.Build.0 = Debug|Any CPU
		{1966DED8-AA32-4100-A163-DF812C2C93BA}.Debug|Any CPU.Deploy.0 = Debug|Any CPU
		{1966DED8-AA32-4100-A163-DF812C2C93BA}.Release|Any CPU.ActiveCfg = Release|Any CPU
		{1966DED8-AA32-4100-A163-DF812C2C93BA}.Release|Any CPU.Build.0 = Release|Any CPU
		{1966DED8-AA32-4100-A163-DF812C2C93BA}.Release|Any CPU.Deploy.0 = Release|Any CPU
	EndGlobalSection
	GlobalSection(SolutionProperties) = preSolution
		HideSolutionNode = FALSE
	EndGlobalSection
	GlobalSection(ExtensibilityGlobals) = postSolution
		SolutionGuid = {D10BA0BE-AB83-4AC5-9805-F26D5537EB2A}
	EndGlobalSection
EndGlobal
